{
  "nodes": {
    "flake-compat": {
      "locked": {
        "lastModified": 1696426674,
        "narHash": "sha256-kvjfFW7WAETZlt09AgDn1MrtKzP7t90Vf7vypd3OL1U=",
        "owner": "edolstra",
        "repo": "flake-compat",
        "rev": "0f9255e01c2351cc7d116c072cb317785dd33b33",
        "type": "github"
      },
      "original": {
        "owner": "edolstra",
        "repo": "flake-compat",
        "type": "github"
      }
    },
    "flake-compat_2": {
      "flake": false,
      "locked": {
        "lastModified": 1688025799,
        "narHash": "sha256-ktpB4dRtnksm9F5WawoIkEneh1nrEvuxb5lJFt1iOyw=",
        "owner": "nix-community",
        "repo": "flake-compat",
        "rev": "8bf105319d44f6b9f0d764efa4fdef9f1cc9ba1c",
        "type": "github"
      },
      "original": {
        "owner": "nix-community",
        "repo": "flake-compat",
        "type": "github"
      }
    },
    "flake-utils": {
      "inputs": {
        "systems": "systems"
      },
      "locked": {
        "lastModified": 1710146030,
        "narHash": "sha256-SZ5L6eA7HJ/nmkzGG7/ISclqe6oZdOZTNoesiInkXPQ=",
        "owner": "numtide",
        "repo": "flake-utils",
        "rev": "b1d9ab70662946ef0850d488da1c9019f3a9752a",
        "type": "github"
      },
      "original": {
        "owner": "numtide",
        "repo": "flake-utils",
        "type": "github"
      }
    },
    "home-manager": {
      "inputs": {
        "nixpkgs": [
          "nixpkgs"
        ]
      },
      "locked": {
        "lastModified": 1715077503,
        "narHash": "sha256-AfHQshzLQfUqk/efMtdebHaQHqVntCMjhymQzVFLes0=",
        "owner": "nix-community",
        "repo": "home-manager",
        "rev": "6e277d9566de9976f47228dd8c580b97488734d4",
        "type": "github"
      },
      "original": {
        "owner": "nix-community",
        "ref": "master",
        "repo": "home-manager",
        "type": "github"
      }
    },
    "nix-alien": {
      "inputs": {
        "flake-compat": "flake-compat",
        "flake-utils": "flake-utils",
        "nix-filter": "nix-filter",
        "nix-index-database": "nix-index-database",
        "nixpkgs": [
          "nix-alien",
          "nix-index-database",
          "nixpkgs"
        ]
      },
      "locked": {
        "lastModified": 1713164845,
        "narHash": "sha256-6X0H56qGmN/LoEdcBcwm3+apHLEe7r4caO719q1/KMI=",
        "owner": "thiagokokada",
        "repo": "nix-alien",
        "rev": "db5d6107d3c72d5eb0b7a02a30b87b1f0076fcc5",
        "type": "github"
      },
      "original": {
        "owner": "thiagokokada",
        "repo": "nix-alien",
        "type": "github"
      }
    },
    "nix-filter": {
      "locked": {
        "lastModified": 1710156097,
        "narHash": "sha256-1Wvk8UP7PXdf8bCCaEoMnOT1qe5/Duqgj+rL8sRQsSM=",
        "owner": "numtide",
        "repo": "nix-filter",
        "rev": "3342559a24e85fc164b295c3444e8a139924675b",
        "type": "github"
      },
      "original": {
        "owner": "numtide",
        "repo": "nix-filter",
        "type": "github"
      }
    },
    "nix-index-database": {
      "inputs": {
        "nixpkgs": "nixpkgs"
      },
      "locked": {
        "lastModified": 1713067146,
        "narHash": "sha256-9D20xjblGKEVRVCnM3qWhiizEa9i6OpK6xQJajwcwOQ=",
        "owner": "nix-community",
        "repo": "nix-index-database",
        "rev": "93aed67288be60c9ef6133ba2f8de128f4ef265c",
        "type": "github"
      },
      "original": {
        "owner": "nix-community",
        "repo": "nix-index-database",
        "type": "github"
      }
    },
    "nixos-cosmic": {
      "inputs": {
        "flake-compat": "flake-compat_2",
        "nixpkgs": [
          "nixpkgs"
        ]
      },
      "locked": {
        "lastModified": 1715218235,
        "narHash": "sha256-d99Mug0nJhlaRoZ47Cfs3ldky/HNlkYDkDS6Eq/STmw=",
        "owner": "lilyinstarlight",
        "repo": "nixos-cosmic",
        "rev": "b022e5ddefd5b0d9e817351f9d13efeeeeba61ef",
        "type": "github"
      },
      "original": {
        "owner": "lilyinstarlight",
        "repo": "nixos-cosmic",
        "type": "github"
      }
    },
    "nixos-hardware": {
      "locked": {
        "lastModified": 1715148395,
        "narHash": "sha256-lRxjTxY3103LGMjWdVqntKZHhlmMX12QUjeFrQMmGaE=",
        "owner": "NixOS",
        "repo": "nixos-hardware",
        "rev": "a4e2b7909fc1bdf30c30ef21d388fde0b5cdde4a",
        "type": "github"
      },
      "original": {
        "owner": "NixOS",
        "ref": "master",
        "repo": "nixos-hardware",
        "type": "github"
      }
    },
    "nixpkgs": {
      "locked": {
        "lastModified": 1712791164,
        "narHash": "sha256-3sbWO1mbpWsLepZGbWaMovSO7ndZeFqDSdX0hZ9nVyw=",
        "owner": "nixos",
        "repo": "nixpkgs",
        "rev": "1042fd8b148a9105f3c0aca3a6177fd1d9360ba5",
        "type": "github"
      },
      "original": {
        "owner": "nixos",
        "ref": "nixos-unstable",
        "repo": "nixpkgs",
        "type": "github"
      }
    },
    "nixpkgs_2": {
      "locked": {
        "lastModified": 1715087517,
        "narHash": "sha256-CLU5Tsg24Ke4+7sH8azHWXKd0CFd4mhLWfhYgUiDBpQ=",
        "owner": "nixos",
        "repo": "nixpkgs",
        "rev": "b211b392b8486ee79df6cdfb1157ad2133427a29",
        "type": "github"
      },
      "original": {
        "owner": "nixos",
        "ref": "nixos-unstable",
        "repo": "nixpkgs",
        "type": "github"
      }
    },
    "nur": {
      "locked": {
        "lastModified": 1715225965,
        "narHash": "sha256-iMmchwgcPQ48z21d9tQMuCS4Z2K6sP0Zj2NC7fC/Jgg=",
        "owner": "nix-community",
        "repo": "NUR",
        "rev": "bddb5edd4fd599565b1a8e29c16ddb427fcff502",
        "type": "github"
      },
      "original": {
        "owner": "nix-community",
        "repo": "NUR",
        "type": "github"
      }
    },
    "root": {
      "inputs": {
        "home-manager": "home-manager",
        "nix-alien": "nix-alien",
        "nixos-cosmic": "nixos-cosmic",
        "nixos-hardware": "nixos-hardware",
        "nixpkgs": "nixpkgs_2",
        "nur": "nur"
      }
    },
    "systems": {
      "locked": {
        "lastModified": 1681028828,
        "narHash": "sha256-Vy1rq5AaRuLzOxct8nz4T6wlgyUR7zLU309k9mBC768=",
        "owner": "nix-systems",
        "repo": "default",
        "rev": "da67096a3b9bf56a91d16901293e51ba5b49a27e",
        "type": "github"
      },
      "original": {
        "owner": "nix-systems",
        "repo": "default",
        "type": "github"
      }
    }
  },
  "root": "root",
  "version": 7
}
